
Microsoft Visual Studio Solution File, Format Version 12.00
# Visual Studio Version 17
VisualStudioVersion = 17.3.32819.101
MinimumVisualStudioVersion = 10.0.40219.1
Project("{FAE04EC0-301F-11D3-BF4B-00C04F79EFBC}") = "PE4_2", "PE4_2.csproj", "{3856E376-050E-4717-96C4-634903C72467}"
EndProject
Global
	GlobalSection(SolutionConfigurationPlatforms) = preSolution
		Debug|Any CPU = Debug|Any CPU
		Release|Any CPU = Release|Any CPU
	EndGlobalSection
	GlobalSection(ProjectConfigurationPlatforms) = postSolution
		{3856E376-050E-4717-96C4-634903C72467}.Debug|Any CPU.ActiveCfg = Debug|Any CPU
		{3856E376-050E-4717-96C4-634903C72467}.Debug|Any CPU.Build.0 = Debug|Any CPU
		{3856E376-050E-4717-96C4-634903C72467}.Release|Any CPU.ActiveCfg = Release|Any CPU
		{3856E376-050E-4717-96C4-634903C72467}.Release|Any CPU.Build.0 = Release|Any CPU
	EndGlobalSection
	GlobalSection(SolutionProperties) = preSolution
		HideSolutionNode = FALSE
	EndGlobalSection
	GlobalSection(ExtensibilityGlobals) = postSolution
		SolutionGuid = {3D6A40D1-F061-4925-A910-448320BB0B66}
	EndGlobalSection
EndGlobal
